
Microsoft Visual Studio Solution File, Format Version 12.00
# Visual Studio Version 17
VisualStudioVersion = 17.6.33815.320
MinimumVisualStudioVersion = 10.0.40219.1
Project("{FAE04EC0-301F-11D3-BF4B-00C04F79EFBC}") = "SampleForm", "SampleForm\SampleForm.csproj", "{399481A5-70B5-4AFE-BA53-5B2280539216}"
EndProject
Global
	GlobalSection(SolutionConfigurationPlatforms) = preSolution
		Debug|Any CPU = Debug|Any CPU
		Release|Any CPU = Release|Any CPU
	EndGlobalSection
	GlobalSection(ProjectConfigurationPlatforms) = postSolution
		{399481A5-70B5-4AFE-BA53-5B2280539216}.Debug|Any CPU.ActiveCfg = Debug|Any CPU
		{399481A5-70B5-4AFE-BA53-5B2280539216}.Debug|Any CPU.Build.0 = Debug|Any CPU
		{399481A5-70B5-4AFE-BA53-5B2280539216}.Release|Any CPU.ActiveCfg = Release|Any CPU
		{399481A5-70B5-4AFE-BA53-5B2280539216}.Release|Any CPU.Build.0 = Release|Any CPU
	EndGlobalSection
	GlobalSection(SolutionProperties) = preSolution
		HideSolutionNode = FALSE
	EndGlobalSection
	GlobalSection(ExtensibilityGlobals) = postSolution
		SolutionGuid = {496D8458-3ABD-4C27-9FDB-1A889B7F9418}
	EndGlobalSection
EndGlobal
