
Microsoft Visual Studio Solution File, Format Version 12.00
# Visual Studio Version 17
VisualStudioVersion = 17.6.33815.320
MinimumVisualStudioVersion = 10.0.40219.1
Project("{FAE04EC0-301F-11D3-BF4B-00C04F79EFBC}") = "Form", "Form\Form.csproj", "{23F62676-1BFA-470C-9384-53D92B642D78}"
EndProject
Global
	GlobalSection(SolutionConfigurationPlatforms) = preSolution
		Debug|Any CPU = Debug|Any CPU
		Release|Any CPU = Release|Any CPU
	EndGlobalSection
	GlobalSection(ProjectConfigurationPlatforms) = postSolution
		{23F62676-1BFA-470C-9384-53D92B642D78}.Debug|Any CPU.ActiveCfg = Debug|Any CPU
		{23F62676-1BFA-470C-9384-53D92B642D78}.Debug|Any CPU.Build.0 = Debug|Any CPU
		{23F62676-1BFA-470C-9384-53D92B642D78}.Release|Any CPU.ActiveCfg = Release|Any CPU
		{23F62676-1BFA-470C-9384-53D92B642D78}.Release|Any CPU.Build.0 = Release|Any CPU
	EndGlobalSection
	GlobalSection(SolutionProperties) = preSolution
		HideSolutionNode = FALSE
	EndGlobalSection
	GlobalSection(ExtensibilityGlobals) = postSolution
		SolutionGuid = {C163DF0A-470E-46ED-8B21-1E9BF0C1BB97}
	EndGlobalSection
EndGlobal
