
Microsoft Visual Studio Solution File, Format Version 12.00
# Visual Studio Version 17
VisualStudioVersion = 17.7.34003.232
MinimumVisualStudioVersion = 10.0.40219.1
Project("{FAE04EC0-301F-11D3-BF4B-00C04F79EFBC}") = "Temp_DataBase", "Temp_DataBase\Temp_DataBase.csproj", "{3D6C7363-B013-4FDB-B888-C0D3ADED6640}"
EndProject
Global
	GlobalSection(SolutionConfigurationPlatforms) = preSolution
		Debug|Any CPU = Debug|Any CPU
		Release|Any CPU = Release|Any CPU
	EndGlobalSection
	GlobalSection(ProjectConfigurationPlatforms) = postSolution
		{3D6C7363-B013-4FDB-B888-C0D3ADED6640}.Debug|Any CPU.ActiveCfg = Debug|Any CPU
		{3D6C7363-B013-4FDB-B888-C0D3ADED6640}.Debug|Any CPU.Build.0 = Debug|Any CPU
		{3D6C7363-B013-4FDB-B888-C0D3ADED6640}.Release|Any CPU.ActiveCfg = Release|Any CPU
		{3D6C7363-B013-4FDB-B888-C0D3ADED6640}.Release|Any CPU.Build.0 = Release|Any CPU
	EndGlobalSection
	GlobalSection(SolutionProperties) = preSolution
		HideSolutionNode = FALSE
	EndGlobalSection
	GlobalSection(ExtensibilityGlobals) = postSolution
		SolutionGuid = {6CEA1CE7-6534-42D3-9ACD-92BB4C768410}
	EndGlobalSection
EndGlobal
