
Microsoft Visual Studio Solution File, Format Version 12.00
# Visual Studio Version 17
VisualStudioVersion = 17.6.33829.357
MinimumVisualStudioVersion = 10.0.40219.1
Project("{FAE04EC0-301F-11D3-BF4B-00C04F79EFBC}") = "Validators", "Validators\Validators.csproj", "{84E9FDEB-EA84-4564-9533-DB2ED6059641}"
EndProject
Global
	GlobalSection(SolutionConfigurationPlatforms) = preSolution
		Debug|Any CPU = Debug|Any CPU
		Release|Any CPU = Release|Any CPU
	EndGlobalSection
	GlobalSection(ProjectConfigurationPlatforms) = postSolution
		{84E9FDEB-EA84-4564-9533-DB2ED6059641}.Debug|Any CPU.ActiveCfg = Debug|Any CPU
		{84E9FDEB-EA84-4564-9533-DB2ED6059641}.Debug|Any CPU.Build.0 = Debug|Any CPU
		{84E9FDEB-EA84-4564-9533-DB2ED6059641}.Release|Any CPU.ActiveCfg = Release|Any CPU
		{84E9FDEB-EA84-4564-9533-DB2ED6059641}.Release|Any CPU.Build.0 = Release|Any CPU
	EndGlobalSection
	GlobalSection(SolutionProperties) = preSolution
		HideSolutionNode = FALSE
	EndGlobalSection
	GlobalSection(ExtensibilityGlobals) = postSolution
		SolutionGuid = {02E8DAAD-5D0F-4F8F-9DD7-EEB69A76850C}
	EndGlobalSection
EndGlobal
