
Microsoft Visual Studio Solution File, Format Version 12.00
# Visual Studio Version 17
VisualStudioVersion = 17.6.33829.357
MinimumVisualStudioVersion = 10.0.40219.1
Project("{FAE04EC0-301F-11D3-BF4B-00C04F79EFBC}") = "WebApplication2", "WebApplication2\WebApplication2.csproj", "{5ED7FD1C-3505-49BA-B211-8B22701083BB}"
EndProject
Global
	GlobalSection(SolutionConfigurationPlatforms) = preSolution
		Debug|Any CPU = Debug|Any CPU
		Release|Any CPU = Release|Any CPU
	EndGlobalSection
	GlobalSection(ProjectConfigurationPlatforms) = postSolution
		{5ED7FD1C-3505-49BA-B211-8B22701083BB}.Debug|Any CPU.ActiveCfg = Debug|Any CPU
		{5ED7FD1C-3505-49BA-B211-8B22701083BB}.Debug|Any CPU.Build.0 = Debug|Any CPU
		{5ED7FD1C-3505-49BA-B211-8B22701083BB}.Release|Any CPU.ActiveCfg = Release|Any CPU
		{5ED7FD1C-3505-49BA-B211-8B22701083BB}.Release|Any CPU.Build.0 = Release|Any CPU
	EndGlobalSection
	GlobalSection(SolutionProperties) = preSolution
		HideSolutionNode = FALSE
	EndGlobalSection
	GlobalSection(ExtensibilityGlobals) = postSolution
		SolutionGuid = {65DDDD74-9D77-40F5-BE9D-722DBAC62D23}
	EndGlobalSection
EndGlobal
