
Microsoft Visual Studio Solution File, Format Version 12.00
# Visual Studio Version 17
VisualStudioVersion = 17.6.33815.320
MinimumVisualStudioVersion = 10.0.40219.1
Project("{FAE04EC0-301F-11D3-BF4B-00C04F79EFBC}") = "StateManagement", "StateManagement\StateManagement.csproj", "{20BE51E3-0C7F-4462-8A37-5E00C8B42B0E}"
EndProject
Global
	GlobalSection(SolutionConfigurationPlatforms) = preSolution
		Debug|Any CPU = Debug|Any CPU
		Release|Any CPU = Release|Any CPU
	EndGlobalSection
	GlobalSection(ProjectConfigurationPlatforms) = postSolution
		{20BE51E3-0C7F-4462-8A37-5E00C8B42B0E}.Debug|Any CPU.ActiveCfg = Debug|Any CPU
		{20BE51E3-0C7F-4462-8A37-5E00C8B42B0E}.Debug|Any CPU.Build.0 = Debug|Any CPU
		{20BE51E3-0C7F-4462-8A37-5E00C8B42B0E}.Release|Any CPU.ActiveCfg = Release|Any CPU
		{20BE51E3-0C7F-4462-8A37-5E00C8B42B0E}.Release|Any CPU.Build.0 = Release|Any CPU
	EndGlobalSection
	GlobalSection(SolutionProperties) = preSolution
		HideSolutionNode = FALSE
	EndGlobalSection
	GlobalSection(ExtensibilityGlobals) = postSolution
		SolutionGuid = {4A00B9CF-7D04-4C0D-A481-D27063BABAC8}
	EndGlobalSection
EndGlobal
