
Microsoft Visual Studio Solution File, Format Version 12.00
# Visual Studio Version 17
VisualStudioVersion = 17.6.33829.357
MinimumVisualStudioVersion = 10.0.40219.1
Project("{FAE04EC0-301F-11D3-BF4B-00C04F79EFBC}") = "Database_Connect", "Database_Connect\Database_Connect.csproj", "{4D2A0C71-97E8-4044-AD4D-E1AD6C629314}"
EndProject
Global
	GlobalSection(SolutionConfigurationPlatforms) = preSolution
		Debug|Any CPU = Debug|Any CPU
		Release|Any CPU = Release|Any CPU
	EndGlobalSection
	GlobalSection(ProjectConfigurationPlatforms) = postSolution
		{4D2A0C71-97E8-4044-AD4D-E1AD6C629314}.Debug|Any CPU.ActiveCfg = Debug|Any CPU
		{4D2A0C71-97E8-4044-AD4D-E1AD6C629314}.Debug|Any CPU.Build.0 = Debug|Any CPU
		{4D2A0C71-97E8-4044-AD4D-E1AD6C629314}.Release|Any CPU.ActiveCfg = Release|Any CPU
		{4D2A0C71-97E8-4044-AD4D-E1AD6C629314}.Release|Any CPU.Build.0 = Release|Any CPU
	EndGlobalSection
	GlobalSection(SolutionProperties) = preSolution
		HideSolutionNode = FALSE
	EndGlobalSection
	GlobalSection(ExtensibilityGlobals) = postSolution
		SolutionGuid = {8EB5FD64-66F2-4346-8887-F5EE09C02041}
	EndGlobalSection
EndGlobal
