
Microsoft Visual Studio Solution File, Format Version 12.00
# Visual Studio Version 17
VisualStudioVersion = 17.6.33815.320
MinimumVisualStudioVersion = 10.0.40219.1
Project("{FAE04EC0-301F-11D3-BF4B-00C04F79EFBC}") = "SQL", "SQL\SQL.csproj", "{9930ADE1-A453-4BA1-A6B1-FD34AD1DA835}"
EndProject
Global
	GlobalSection(SolutionConfigurationPlatforms) = preSolution
		Debug|Any CPU = Debug|Any CPU
		Release|Any CPU = Release|Any CPU
	EndGlobalSection
	GlobalSection(ProjectConfigurationPlatforms) = postSolution
		{9930ADE1-A453-4BA1-A6B1-FD34AD1DA835}.Debug|Any CPU.ActiveCfg = Debug|Any CPU
		{9930ADE1-A453-4BA1-A6B1-FD34AD1DA835}.Debug|Any CPU.Build.0 = Debug|Any CPU
		{9930ADE1-A453-4BA1-A6B1-FD34AD1DA835}.Release|Any CPU.ActiveCfg = Release|Any CPU
		{9930ADE1-A453-4BA1-A6B1-FD34AD1DA835}.Release|Any CPU.Build.0 = Release|Any CPU
	EndGlobalSection
	GlobalSection(SolutionProperties) = preSolution
		HideSolutionNode = FALSE
	EndGlobalSection
	GlobalSection(ExtensibilityGlobals) = postSolution
		SolutionGuid = {09F5EE40-92FB-4FDF-BAD0-A602B80073E3}
	EndGlobalSection
EndGlobal
